
Microsoft Visual Studio Solution File, Format Version 12.00
# Visual Studio Version 16
VisualStudioVersion = 16.0.30002.166
MinimumVisualStudioVersion = 10.0.40219.1
Project("{9A19103F-16F7-4668-BE54-9A1E7A4F7556}") = "RecommendationEngine", "RecommendationEngine.csproj", "{8C4D1A2E-17BB-417C-BCD9-A765A5E6B39A}"
EndProject
Project("{2150E333-8FDC-42A3-9474-1A3956D46DE8}") = "Solution Items", "Solution Items", "{D156B401-F668-4431-BC66-2DEDABFC081B}"
EndProject
Global
	GlobalSection(SolutionConfigurationPlatforms) = preSolution
		Debug|Any CPU = Debug|Any CPU
		Release|Any CPU = Release|Any CPU
	EndGlobalSection
	GlobalSection(ProjectConfigurationPlatforms) = postSolution
		{8C4D1A2E-17BB-417C-BCD9-A765A5E6B39A}.Debug|Any CPU.ActiveCfg = Debug|Any CPU
		{8C4D1A2E-17BB-417C-BCD9-A765A5E6B39A}.Debug|Any CPU.Build.0 = Debug|Any CPU
		{8C4D1A2E-17BB-417C-BCD9-A765A5E6B39A}.Release|Any CPU.ActiveCfg = Release|Any CPU
		{8C4D1A2E-17BB-417C-BCD9-A765A5E6B39A}.Release|Any CPU.Build.0 = Release|Any CPU
	EndGlobalSection
	GlobalSection(SolutionProperties) = preSolution
		HideSolutionNode = FALSE
	EndGlobalSection
	GlobalSection(ExtensibilityGlobals) = postSolution
		SolutionGuid = {B9DC32E2-B832-4D80-83CA-A0207E97D1AA}
	EndGlobalSection
EndGlobal
